
Microsoft Visual Studio Solution File, Format Version 12.00
# Visual Studio 15
VisualStudioVersion = 15.0.28307.902
MinimumVisualStudioVersion = 10.0.40219.1
Project("{8BC9CEB8-8B4A-11D0-8D11-00A0C91BC942}") = "tvfm", "tvfm\tvfm.vcxproj", "{50E64821-B73B-40F6-B4B7-C7C8820C2806}"
EndProject
Global
	GlobalSection(SolutionConfigurationPlatforms) = preSolution
		Debug|x64 = Debug|x64
		Debug|x86 = Debug|x86
		Release|x64 = Release|x64
		Release|x86 = Release|x86
	EndGlobalSection
	GlobalSection(ProjectConfigurationPlatforms) = postSolution
		{50E64821-B73B-40F6-B4B7-C7C8820C2806}.Debug|x64.ActiveCfg = Debug|x64
		{50E64821-B73B-40F6-B4B7-C7C8820C2806}.Debug|x64.Build.0 = Debug|x64
		{50E64821-B73B-40F6-B4B7-C7C8820C2806}.Debug|x86.ActiveCfg = Debug|Win32
		{50E64821-B73B-40F6-B4B7-C7C8820C2806}.Debug|x86.Build.0 = Debug|Win32
		{50E64821-B73B-40F6-B4B7-C7C8820C2806}.Release|x64.ActiveCfg = Release|x64
		{50E64821-B73B-40F6-B4B7-C7C8820C2806}.Release|x64.Build.0 = Release|x64
		{50E64821-B73B-40F6-B4B7-C7C8820C2806}.Release|x86.ActiveCfg = Release|Win32
		{50E64821-B73B-40F6-B4B7-C7C8820C2806}.Release|x86.Build.0 = Release|Win32
	EndGlobalSection
	GlobalSection(SolutionProperties) = preSolution
		HideSolutionNode = FALSE
	EndGlobalSection
	GlobalSection(ExtensibilityGlobals) = postSolution
		SolutionGuid = {D32ED397-30E5-4A7B-A912-B4D497B76651}
	EndGlobalSection
EndGlobal
