
Microsoft Visual Studio Solution File, Format Version 12.00
# Visual Studio 15
VisualStudioVersion = 15.0.28307.902
MinimumVisualStudioVersion = 10.0.40219.1
Project("{8BC9CEB8-8B4A-11D0-8D11-00A0C91BC942}") = "18.9variadic1", "18.9variadic1\18.9variadic1.vcxproj", "{51964B33-CC31-4012-81EE-174160D6222E}"
EndProject
Global
	GlobalSection(SolutionConfigurationPlatforms) = preSolution
		Debug|x64 = Debug|x64
		Debug|x86 = Debug|x86
		Release|x64 = Release|x64
		Release|x86 = Release|x86
	EndGlobalSection
	GlobalSection(ProjectConfigurationPlatforms) = postSolution
		{51964B33-CC31-4012-81EE-174160D6222E}.Debug|x64.ActiveCfg = Debug|x64
		{51964B33-CC31-4012-81EE-174160D6222E}.Debug|x64.Build.0 = Debug|x64
		{51964B33-CC31-4012-81EE-174160D6222E}.Debug|x86.ActiveCfg = Debug|Win32
		{51964B33-CC31-4012-81EE-174160D6222E}.Debug|x86.Build.0 = Debug|Win32
		{51964B33-CC31-4012-81EE-174160D6222E}.Release|x64.ActiveCfg = Release|x64
		{51964B33-CC31-4012-81EE-174160D6222E}.Release|x64.Build.0 = Release|x64
		{51964B33-CC31-4012-81EE-174160D6222E}.Release|x86.ActiveCfg = Release|Win32
		{51964B33-CC31-4012-81EE-174160D6222E}.Release|x86.Build.0 = Release|Win32
	EndGlobalSection
	GlobalSection(SolutionProperties) = preSolution
		HideSolutionNode = FALSE
	EndGlobalSection
	GlobalSection(ExtensibilityGlobals) = postSolution
		SolutionGuid = {D91B4F2F-1BDC-4ECE-B3B1-898172BE88FA}
	EndGlobalSection
EndGlobal
